
Microsoft Visual Studio Solution File, Format Version 12.00
# Visual Studio Version 16
VisualStudioVersion = 16.0.29613.14
MinimumVisualStudioVersion = 10.0.40219.1
Project("{FAE04EC0-301F-11D3-BF4B-00C04F79EFBC}") = "LINQ_Demo", "LINQ_Demo.csproj", "{54B1C5DD-EF98-4F00-AB58-A3128D194A23}"
EndProject
Project("{FAE04EC0-301F-11D3-BF4B-00C04F79EFBC}") = "LINQ_Demo2", "..\LINQ_Demo2\LINQ_Demo2.csproj", "{2AF4FB9D-20C7-4B54-B8BE-9FA9CFBA02B8}"
EndProject
Project("{FAE04EC0-301F-11D3-BF4B-00C04F79EFBC}") = "Join_OperatorDemo", "..\Join_OperatorDemo\Join_OperatorDemo.csproj", "{2D13952D-B738-4C46-B545-3279AB78CD5D}"
EndProject
Global
	GlobalSection(SolutionConfigurationPlatforms) = preSolution
		Debug|Any CPU = Debug|Any CPU
		Release|Any CPU = Release|Any CPU
	EndGlobalSection
	GlobalSection(ProjectConfigurationPlatforms) = postSolution
		{54B1C5DD-EF98-4F00-AB58-A3128D194A23}.Debug|Any CPU.ActiveCfg = Debug|Any CPU
		{54B1C5DD-EF98-4F00-AB58-A3128D194A23}.Debug|Any CPU.Build.0 = Debug|Any CPU
		{54B1C5DD-EF98-4F00-AB58-A3128D194A23}.Release|Any CPU.ActiveCfg = Release|Any CPU
		{54B1C5DD-EF98-4F00-AB58-A3128D194A23}.Release|Any CPU.Build.0 = Release|Any CPU
		{2AF4FB9D-20C7-4B54-B8BE-9FA9CFBA02B8}.Debug|Any CPU.ActiveCfg = Debug|Any CPU
		{2AF4FB9D-20C7-4B54-B8BE-9FA9CFBA02B8}.Debug|Any CPU.Build.0 = Debug|Any CPU
		{2AF4FB9D-20C7-4B54-B8BE-9FA9CFBA02B8}.Release|Any CPU.ActiveCfg = Release|Any CPU
		{2AF4FB9D-20C7-4B54-B8BE-9FA9CFBA02B8}.Release|Any CPU.Build.0 = Release|Any CPU
		{2D13952D-B738-4C46-B545-3279AB78CD5D}.Debug|Any CPU.ActiveCfg = Debug|Any CPU
		{2D13952D-B738-4C46-B545-3279AB78CD5D}.Debug|Any CPU.Build.0 = Debug|Any CPU
		{2D13952D-B738-4C46-B545-3279AB78CD5D}.Release|Any CPU.ActiveCfg = Release|Any CPU
		{2D13952D-B738-4C46-B545-3279AB78CD5D}.Release|Any CPU.Build.0 = Release|Any CPU
	EndGlobalSection
	GlobalSection(SolutionProperties) = preSolution
		HideSolutionNode = FALSE
	EndGlobalSection
	GlobalSection(ExtensibilityGlobals) = postSolution
		SolutionGuid = {086655E1-3CFA-4CF2-83B0-F601D622CF21}
	EndGlobalSection
EndGlobal
