
Microsoft Visual Studio Solution File, Format Version 12.00
# Visual Studio Version 16
VisualStudioVersion = 16.0.29613.14
MinimumVisualStudioVersion = 10.0.40219.1
Project("{FAE04EC0-301F-11D3-BF4B-00C04F79EFBC}") = "LuLibrary", "LuLibrary.csproj", "{660E2D25-CFBA-45B8-A82F-54149C8E9E53}"
EndProject
Global
	GlobalSection(SolutionConfigurationPlatforms) = preSolution
		Debug|Any CPU = Debug|Any CPU
		Release|Any CPU = Release|Any CPU
	EndGlobalSection
	GlobalSection(ProjectConfigurationPlatforms) = postSolution
		{660E2D25-CFBA-45B8-A82F-54149C8E9E53}.Debug|Any CPU.ActiveCfg = Debug|Any CPU
		{660E2D25-CFBA-45B8-A82F-54149C8E9E53}.Debug|Any CPU.Build.0 = Debug|Any CPU
		{660E2D25-CFBA-45B8-A82F-54149C8E9E53}.Release|Any CPU.ActiveCfg = Release|Any CPU
		{660E2D25-CFBA-45B8-A82F-54149C8E9E53}.Release|Any CPU.Build.0 = Release|Any CPU
	EndGlobalSection
	GlobalSection(SolutionProperties) = preSolution
		HideSolutionNode = FALSE
	EndGlobalSection
	GlobalSection(ExtensibilityGlobals) = postSolution
		SolutionGuid = {CD4F0862-84F8-41E4-BD6C-1802E9BFF019}
	EndGlobalSection
EndGlobal
