
Microsoft Visual Studio Solution File, Format Version 12.00
# Visual Studio Version 16
VisualStudioVersion = 16.0.29613.14
MinimumVisualStudioVersion = 10.0.40219.1
Project("{FAE04EC0-301F-11D3-BF4B-00C04F79EFBC}") = "WinAppTestLibrary", "WinAppTestLibrary.csproj", "{0A0DBD9C-3A76-4DB5-BF46-9771A425434D}"
EndProject
Global
	GlobalSection(SolutionConfigurationPlatforms) = preSolution
		Debug|Any CPU = Debug|Any CPU
		Release|Any CPU = Release|Any CPU
	EndGlobalSection
	GlobalSection(ProjectConfigurationPlatforms) = postSolution
		{0A0DBD9C-3A76-4DB5-BF46-9771A425434D}.Debug|Any CPU.ActiveCfg = Debug|Any CPU
		{0A0DBD9C-3A76-4DB5-BF46-9771A425434D}.Debug|Any CPU.Build.0 = Debug|Any CPU
		{0A0DBD9C-3A76-4DB5-BF46-9771A425434D}.Release|Any CPU.ActiveCfg = Release|Any CPU
		{0A0DBD9C-3A76-4DB5-BF46-9771A425434D}.Release|Any CPU.Build.0 = Release|Any CPU
	EndGlobalSection
	GlobalSection(SolutionProperties) = preSolution
		HideSolutionNode = FALSE
	EndGlobalSection
	GlobalSection(ExtensibilityGlobals) = postSolution
		SolutionGuid = {189BB76E-4E79-4520-9B4B-121696BA1BC6}
	EndGlobalSection
EndGlobal
