
Microsoft Visual Studio Solution File, Format Version 12.00
# Visual Studio Version 16
VisualStudioVersion = 16.0.29613.14
MinimumVisualStudioVersion = 10.0.40219.1
Project("{FAE04EC0-301F-11D3-BF4B-00C04F79EFBC}") = "Lab1_ConnectedModel", "Lab1_ConnectedModel.csproj", "{135068C5-3189-4397-A6A5-46306CB2DDCD}"
EndProject
Global
	GlobalSection(SolutionConfigurationPlatforms) = preSolution
		Debug|Any CPU = Debug|Any CPU
		Release|Any CPU = Release|Any CPU
	EndGlobalSection
	GlobalSection(ProjectConfigurationPlatforms) = postSolution
		{135068C5-3189-4397-A6A5-46306CB2DDCD}.Debug|Any CPU.ActiveCfg = Debug|Any CPU
		{135068C5-3189-4397-A6A5-46306CB2DDCD}.Debug|Any CPU.Build.0 = Debug|Any CPU
		{135068C5-3189-4397-A6A5-46306CB2DDCD}.Release|Any CPU.ActiveCfg = Release|Any CPU
		{135068C5-3189-4397-A6A5-46306CB2DDCD}.Release|Any CPU.Build.0 = Release|Any CPU
	EndGlobalSection
	GlobalSection(SolutionProperties) = preSolution
		HideSolutionNode = FALSE
	EndGlobalSection
	GlobalSection(ExtensibilityGlobals) = postSolution
		SolutionGuid = {FD5646BB-3B07-469B-A8A7-0143AF812E52}
	EndGlobalSection
EndGlobal
