
Microsoft Visual Studio Solution File, Format Version 12.00
# Visual Studio Version 16
VisualStudioVersion = 16.0.29613.14
MinimumVisualStudioVersion = 10.0.40219.1
Project("{FAE04EC0-301F-11D3-BF4B-00C04F79EFBC}") = "midtermCT2HonglinLu", "midtermCT2HonglinLu.csproj", "{FCE79560-BD4F-46A3-995E-11CB82E4AB4F}"
EndProject
Global
	GlobalSection(SolutionConfigurationPlatforms) = preSolution
		Debug|Any CPU = Debug|Any CPU
		Release|Any CPU = Release|Any CPU
	EndGlobalSection
	GlobalSection(ProjectConfigurationPlatforms) = postSolution
		{FCE79560-BD4F-46A3-995E-11CB82E4AB4F}.Debug|Any CPU.ActiveCfg = Debug|Any CPU
		{FCE79560-BD4F-46A3-995E-11CB82E4AB4F}.Debug|Any CPU.Build.0 = Debug|Any CPU
		{FCE79560-BD4F-46A3-995E-11CB82E4AB4F}.Release|Any CPU.ActiveCfg = Release|Any CPU
		{FCE79560-BD4F-46A3-995E-11CB82E4AB4F}.Release|Any CPU.Build.0 = Release|Any CPU
	EndGlobalSection
	GlobalSection(SolutionProperties) = preSolution
		HideSolutionNode = FALSE
	EndGlobalSection
	GlobalSection(ExtensibilityGlobals) = postSolution
		SolutionGuid = {ACB1CB89-86AC-4B74-849A-95AA759E3925}
	EndGlobalSection
EndGlobal
